
Microsoft Visual Studio Solution File, Format Version 12.00
# Visual Studio Version 17
VisualStudioVersion = 17.3.32819.101
MinimumVisualStudioVersion = 10.0.40219.1
Project("{FAE04EC0-301F-11D3-BF4B-00C04F79EFBC}") = "lab1", "lab1\lab1.csproj", "{8BD14128-9E96-4663-A386-AB5EFBB193C6}"
EndProject
Global
	GlobalSection(SolutionConfigurationPlatforms) = preSolution
		Debug|Any CPU = Debug|Any CPU
		Release|Any CPU = Release|Any CPU
	EndGlobalSection
	GlobalSection(ProjectConfigurationPlatforms) = postSolution
		{8BD14128-9E96-4663-A386-AB5EFBB193C6}.Debug|Any CPU.ActiveCfg = Debug|Any CPU
		{8BD14128-9E96-4663-A386-AB5EFBB193C6}.Debug|Any CPU.Build.0 = Debug|Any CPU
		{8BD14128-9E96-4663-A386-AB5EFBB193C6}.Release|Any CPU.ActiveCfg = Release|Any CPU
		{8BD14128-9E96-4663-A386-AB5EFBB193C6}.Release|Any CPU.Build.0 = Release|Any CPU
	EndGlobalSection
	GlobalSection(SolutionProperties) = preSolution
		HideSolutionNode = FALSE
	EndGlobalSection
	GlobalSection(ExtensibilityGlobals) = postSolution
		SolutionGuid = {60FB1742-E47A-43F9-A064-D3108F192400}
	EndGlobalSection
EndGlobal
